
Microsoft Visual Studio Solution File, Format Version 12.00
# Visual Studio Version 17
VisualStudioVersion = 17.1.32319.34
MinimumVisualStudioVersion = 10.0.40219.1
Project("{8BC9CEB8-8B4A-11D0-8D11-00A0C91BC942}") = "Лаба 4", "Лаба 4\Лаба 4.vcxproj", "{5B01C83C-AF43-4996-9186-27A5EAABD6B6}"
EndProject
Global
	GlobalSection(SolutionConfigurationPlatforms) = preSolution
		Debug|x64 = Debug|x64
		Debug|x86 = Debug|x86
		Release|x64 = Release|x64
		Release|x86 = Release|x86
	EndGlobalSection
	GlobalSection(ProjectConfigurationPlatforms) = postSolution
		{5B01C83C-AF43-4996-9186-27A5EAABD6B6}.Debug|x64.ActiveCfg = Debug|x64
		{5B01C83C-AF43-4996-9186-27A5EAABD6B6}.Debug|x64.Build.0 = Debug|x64
		{5B01C83C-AF43-4996-9186-27A5EAABD6B6}.Debug|x86.ActiveCfg = Debug|Win32
		{5B01C83C-AF43-4996-9186-27A5EAABD6B6}.Debug|x86.Build.0 = Debug|Win32
		{5B01C83C-AF43-4996-9186-27A5EAABD6B6}.Release|x64.ActiveCfg = Release|x64
		{5B01C83C-AF43-4996-9186-27A5EAABD6B6}.Release|x64.Build.0 = Release|x64
		{5B01C83C-AF43-4996-9186-27A5EAABD6B6}.Release|x86.ActiveCfg = Release|Win32
		{5B01C83C-AF43-4996-9186-27A5EAABD6B6}.Release|x86.Build.0 = Release|Win32
	EndGlobalSection
	GlobalSection(SolutionProperties) = preSolution
		HideSolutionNode = FALSE
	EndGlobalSection
	GlobalSection(ExtensibilityGlobals) = postSolution
		SolutionGuid = {61A547C0-92D0-417C-9F98-9A18D1B1E98F}
	EndGlobalSection
EndGlobal
