
Microsoft Visual Studio Solution File, Format Version 12.00
# Visual Studio Version 17
VisualStudioVersion = 17.0.32126.317
MinimumVisualStudioVersion = 10.0.40219.1
Project("{8BC9CEB8-8B4A-11D0-8D11-00A0C91BC942}") = "Лаба 3", "Лаба 3\Лаба 3.vcxproj", "{1D6C34B9-7E34-4A9B-99A3-C37C60579BA2}"
EndProject
Global
	GlobalSection(SolutionConfigurationPlatforms) = preSolution
		Debug|x64 = Debug|x64
		Debug|x86 = Debug|x86
		Release|x64 = Release|x64
		Release|x86 = Release|x86
	EndGlobalSection
	GlobalSection(ProjectConfigurationPlatforms) = postSolution
		{1D6C34B9-7E34-4A9B-99A3-C37C60579BA2}.Debug|x64.ActiveCfg = Debug|x64
		{1D6C34B9-7E34-4A9B-99A3-C37C60579BA2}.Debug|x64.Build.0 = Debug|x64
		{1D6C34B9-7E34-4A9B-99A3-C37C60579BA2}.Debug|x86.ActiveCfg = Debug|Win32
		{1D6C34B9-7E34-4A9B-99A3-C37C60579BA2}.Debug|x86.Build.0 = Debug|Win32
		{1D6C34B9-7E34-4A9B-99A3-C37C60579BA2}.Release|x64.ActiveCfg = Release|x64
		{1D6C34B9-7E34-4A9B-99A3-C37C60579BA2}.Release|x64.Build.0 = Release|x64
		{1D6C34B9-7E34-4A9B-99A3-C37C60579BA2}.Release|x86.ActiveCfg = Release|Win32
		{1D6C34B9-7E34-4A9B-99A3-C37C60579BA2}.Release|x86.Build.0 = Release|Win32
	EndGlobalSection
	GlobalSection(SolutionProperties) = preSolution
		HideSolutionNode = FALSE
	EndGlobalSection
	GlobalSection(ExtensibilityGlobals) = postSolution
		SolutionGuid = {74DADDD2-2803-4069-8A69-F26D5B2EBD6D}
	EndGlobalSection
EndGlobal
