
Microsoft Visual Studio Solution File, Format Version 12.00
# Visual Studio Version 17
VisualStudioVersion = 17.0.32126.317
MinimumVisualStudioVersion = 10.0.40219.1
Project("{8BC9CEB8-8B4A-11D0-8D11-00A0C91BC942}") = "Рекурсия", "Лаба 1\Лаба 1.vcxproj", "{5D039B76-6B87-441F-A0DC-BE785A1394EF}"
EndProject
Project("{8BC9CEB8-8B4A-11D0-8D11-00A0C91BC942}") = "Цикл", "struct\struct.vcxproj", "{0DE87F45-641B-482A-9B02-ED8202E55F4D}"
EndProject
Global
	GlobalSection(SolutionConfigurationPlatforms) = preSolution
		Debug|x64 = Debug|x64
		Debug|x86 = Debug|x86
		Release|x64 = Release|x64
		Release|x86 = Release|x86
	EndGlobalSection
	GlobalSection(ProjectConfigurationPlatforms) = postSolution
		{5D039B76-6B87-441F-A0DC-BE785A1394EF}.Debug|x64.ActiveCfg = Debug|x64
		{5D039B76-6B87-441F-A0DC-BE785A1394EF}.Debug|x64.Build.0 = Debug|x64
		{5D039B76-6B87-441F-A0DC-BE785A1394EF}.Debug|x86.ActiveCfg = Debug|Win32
		{5D039B76-6B87-441F-A0DC-BE785A1394EF}.Debug|x86.Build.0 = Debug|Win32
		{5D039B76-6B87-441F-A0DC-BE785A1394EF}.Release|x64.ActiveCfg = Release|x64
		{5D039B76-6B87-441F-A0DC-BE785A1394EF}.Release|x64.Build.0 = Release|x64
		{5D039B76-6B87-441F-A0DC-BE785A1394EF}.Release|x86.ActiveCfg = Release|Win32
		{5D039B76-6B87-441F-A0DC-BE785A1394EF}.Release|x86.Build.0 = Release|Win32
		{0DE87F45-641B-482A-9B02-ED8202E55F4D}.Debug|x64.ActiveCfg = Debug|x64
		{0DE87F45-641B-482A-9B02-ED8202E55F4D}.Debug|x64.Build.0 = Debug|x64
		{0DE87F45-641B-482A-9B02-ED8202E55F4D}.Debug|x86.ActiveCfg = Debug|Win32
		{0DE87F45-641B-482A-9B02-ED8202E55F4D}.Debug|x86.Build.0 = Debug|Win32
		{0DE87F45-641B-482A-9B02-ED8202E55F4D}.Release|x64.ActiveCfg = Release|x64
		{0DE87F45-641B-482A-9B02-ED8202E55F4D}.Release|x64.Build.0 = Release|x64
		{0DE87F45-641B-482A-9B02-ED8202E55F4D}.Release|x86.ActiveCfg = Release|Win32
		{0DE87F45-641B-482A-9B02-ED8202E55F4D}.Release|x86.Build.0 = Release|Win32
	EndGlobalSection
	GlobalSection(SolutionProperties) = preSolution
		HideSolutionNode = FALSE
	EndGlobalSection
	GlobalSection(ExtensibilityGlobals) = postSolution
		SolutionGuid = {AE996937-C75C-4936-8ACB-D50032DCCE1F}
	EndGlobalSection
EndGlobal
