
Microsoft Visual Studio Solution File, Format Version 12.00
# Visual Studio Version 17
VisualStudioVersion = 17.1.32319.34
MinimumVisualStudioVersion = 10.0.40219.1
Project("{8BC9CEB8-8B4A-11D0-8D11-00A0C91BC942}") = "SE_Lab08", "SE_Lab08\SE_Lab08.vcxproj", "{910842D1-2A22-48BD-9B61-B973B26C4D73}"
EndProject
Global
	GlobalSection(SolutionConfigurationPlatforms) = preSolution
		Debug|x64 = Debug|x64
		Debug|x86 = Debug|x86
		Release|x64 = Release|x64
		Release|x86 = Release|x86
	EndGlobalSection
	GlobalSection(ProjectConfigurationPlatforms) = postSolution
		{910842D1-2A22-48BD-9B61-B973B26C4D73}.Debug|x64.ActiveCfg = Debug|x64
		{910842D1-2A22-48BD-9B61-B973B26C4D73}.Debug|x64.Build.0 = Debug|x64
		{910842D1-2A22-48BD-9B61-B973B26C4D73}.Debug|x86.ActiveCfg = Debug|Win32
		{910842D1-2A22-48BD-9B61-B973B26C4D73}.Debug|x86.Build.0 = Debug|Win32
		{910842D1-2A22-48BD-9B61-B973B26C4D73}.Release|x64.ActiveCfg = Release|x64
		{910842D1-2A22-48BD-9B61-B973B26C4D73}.Release|x64.Build.0 = Release|x64
		{910842D1-2A22-48BD-9B61-B973B26C4D73}.Release|x86.ActiveCfg = Release|Win32
		{910842D1-2A22-48BD-9B61-B973B26C4D73}.Release|x86.Build.0 = Release|Win32
	EndGlobalSection
	GlobalSection(SolutionProperties) = preSolution
		HideSolutionNode = FALSE
	EndGlobalSection
	GlobalSection(ExtensibilityGlobals) = postSolution
		SolutionGuid = {0A8C9403-7717-4175-8275-0C7892DFAC6E}
	EndGlobalSection
EndGlobal
